
Microsoft Visual Studio Solution File, Format Version 12.00
# Visual Studio Version 16
VisualStudioVersion = 16.0.31729.503
MinimumVisualStudioVersion = 10.0.40219.1
Project("{9A19103F-16F7-4668-BE54-9A1E7A4F7556}") = "eander17Minesweeper", "eander17Minesweeper.csproj", "{04A0C321-124D-45BA-A9F0-D1094B2F36B9}"
EndProject
Global
	GlobalSection(SolutionConfigurationPlatforms) = preSolution
		Debug|Any CPU = Debug|Any CPU
		Release|Any CPU = Release|Any CPU
	EndGlobalSection
	GlobalSection(ProjectConfigurationPlatforms) = postSolution
		{04A0C321-124D-45BA-A9F0-D1094B2F36B9}.Debug|Any CPU.ActiveCfg = Debug|Any CPU
		{04A0C321-124D-45BA-A9F0-D1094B2F36B9}.Debug|Any CPU.Build.0 = Debug|Any CPU
		{04A0C321-124D-45BA-A9F0-D1094B2F36B9}.Release|Any CPU.ActiveCfg = Release|Any CPU
		{04A0C321-124D-45BA-A9F0-D1094B2F36B9}.Release|Any CPU.Build.0 = Release|Any CPU
	EndGlobalSection
	GlobalSection(SolutionProperties) = preSolution
		HideSolutionNode = FALSE
	EndGlobalSection
	GlobalSection(ExtensibilityGlobals) = postSolution
		SolutionGuid = {8708E39E-7117-4ADD-90CF-C9BC775CBCCA}
	EndGlobalSection
EndGlobal
